
Microsoft Visual Studio Solution File, Format Version 12.00
# Visual Studio 2013
VisualStudioVersion = 12.0.31101.0
MinimumVisualStudioVersion = 10.0.40219.1
Project("{FAE04EC0-301F-11D3-BF4B-00C04F79EFBC}") = "E01_SchoolClasses", "E01_SchoolClasses\E01_SchoolClasses.csproj", "{CA0F73E6-8241-4AC1-971A-D56779168604}"
EndProject
Project("{FAE04EC0-301F-11D3-BF4B-00C04F79EFBC}") = "E02_StudentsAndWorkers", "E02_StudentsAndWorkers\E02_StudentsAndWorkers.csproj", "{274DF41F-A80A-4BBD-85B7-4F941063D0A9}"
EndProject
Project("{FAE04EC0-301F-11D3-BF4B-00C04F79EFBC}") = "E03_AnimalHierarchy", "E03_AnimalHierarchy\E03_AnimalHierarchy.csproj", "{6265A5BD-3E7D-4A02-B91F-3B7D238089DF}"
EndProject
Global
	GlobalSection(SolutionConfigurationPlatforms) = preSolution
		Debug|Any CPU = Debug|Any CPU
		Release|Any CPU = Release|Any CPU
	EndGlobalSection
	GlobalSection(ProjectConfigurationPlatforms) = postSolution
		{CA0F73E6-8241-4AC1-971A-D56779168604}.Debug|Any CPU.ActiveCfg = Debug|Any CPU
		{CA0F73E6-8241-4AC1-971A-D56779168604}.Debug|Any CPU.Build.0 = Debug|Any CPU
		{CA0F73E6-8241-4AC1-971A-D56779168604}.Release|Any CPU.ActiveCfg = Release|Any CPU
		{CA0F73E6-8241-4AC1-971A-D56779168604}.Release|Any CPU.Build.0 = Release|Any CPU
		{274DF41F-A80A-4BBD-85B7-4F941063D0A9}.Debug|Any CPU.ActiveCfg = Debug|Any CPU
		{274DF41F-A80A-4BBD-85B7-4F941063D0A9}.Debug|Any CPU.Build.0 = Debug|Any CPU
		{274DF41F-A80A-4BBD-85B7-4F941063D0A9}.Release|Any CPU.ActiveCfg = Release|Any CPU
		{274DF41F-A80A-4BBD-85B7-4F941063D0A9}.Release|Any CPU.Build.0 = Release|Any CPU
		{6265A5BD-3E7D-4A02-B91F-3B7D238089DF}.Debug|Any CPU.ActiveCfg = Debug|Any CPU
		{6265A5BD-3E7D-4A02-B91F-3B7D238089DF}.Debug|Any CPU.Build.0 = Debug|Any CPU
		{6265A5BD-3E7D-4A02-B91F-3B7D238089DF}.Release|Any CPU.ActiveCfg = Release|Any CPU
		{6265A5BD-3E7D-4A02-B91F-3B7D238089DF}.Release|Any CPU.Build.0 = Release|Any CPU
	EndGlobalSection
	GlobalSection(SolutionProperties) = preSolution
		HideSolutionNode = FALSE
	EndGlobalSection
EndGlobal
