
Microsoft Visual Studio Solution File, Format Version 12.00
# Visual Studio 2013
VisualStudioVersion = 12.0.40629.0
MinimumVisualStudioVersion = 10.0.40219.1
Project("{FAE04EC0-301F-11D3-BF4B-00C04F79EFBC}") = "E01_StudentsAndCourses", "E01_StudentsAndCourses\E01_StudentsAndCourses.csproj", "{799234CF-0BBE-41D5-8F8F-3B41DB65F808}"
EndProject
Project("{FAE04EC0-301F-11D3-BF4B-00C04F79EFBC}") = "E01_SchoolTests", "E01_SchoolTests\E01_SchoolTests.csproj", "{FED731BE-D5B4-4743-A098-D1B0F1B69C74}"
EndProject
Global
	GlobalSection(SolutionConfigurationPlatforms) = preSolution
		Debug|Any CPU = Debug|Any CPU
		Release|Any CPU = Release|Any CPU
	EndGlobalSection
	GlobalSection(ProjectConfigurationPlatforms) = postSolution
		{799234CF-0BBE-41D5-8F8F-3B41DB65F808}.Debug|Any CPU.ActiveCfg = Debug|Any CPU
		{799234CF-0BBE-41D5-8F8F-3B41DB65F808}.Debug|Any CPU.Build.0 = Debug|Any CPU
		{799234CF-0BBE-41D5-8F8F-3B41DB65F808}.Release|Any CPU.ActiveCfg = Release|Any CPU
		{799234CF-0BBE-41D5-8F8F-3B41DB65F808}.Release|Any CPU.Build.0 = Release|Any CPU
		{FED731BE-D5B4-4743-A098-D1B0F1B69C74}.Debug|Any CPU.ActiveCfg = Debug|Any CPU
		{FED731BE-D5B4-4743-A098-D1B0F1B69C74}.Debug|Any CPU.Build.0 = Debug|Any CPU
		{FED731BE-D5B4-4743-A098-D1B0F1B69C74}.Release|Any CPU.ActiveCfg = Release|Any CPU
		{FED731BE-D5B4-4743-A098-D1B0F1B69C74}.Release|Any CPU.Build.0 = Release|Any CPU
	EndGlobalSection
	GlobalSection(SolutionProperties) = preSolution
		HideSolutionNode = FALSE
	EndGlobalSection
EndGlobal
