
Microsoft Visual Studio Solution File, Format Version 12.00
# Visual Studio 14
VisualStudioVersion = 14.0.23107.0
MinimumVisualStudioVersion = 10.0.40219.1
Project("{FAE04EC0-301F-11D3-BF4B-00C04F79EFBC}") = "E01_BinaryPasswords", "E01_BinaryPasswords\E01_BinaryPasswords.csproj", "{716A7CC1-37A7-432C-AD61-499983B3E118}"
EndProject
Project("{FAE04EC0-301F-11D3-BF4B-00C04F79EFBC}") = "E02_ColoredRabits", "E02_ColoredRabits\E02_ColoredRabits.csproj", "{6B2092FC-0488-4429-B69D-9580D04F667C}"
EndProject
Global
	GlobalSection(SolutionConfigurationPlatforms) = preSolution
		Debug|Any CPU = Debug|Any CPU
		Release|Any CPU = Release|Any CPU
	EndGlobalSection
	GlobalSection(ProjectConfigurationPlatforms) = postSolution
		{716A7CC1-37A7-432C-AD61-499983B3E118}.Debug|Any CPU.ActiveCfg = Debug|Any CPU
		{716A7CC1-37A7-432C-AD61-499983B3E118}.Debug|Any CPU.Build.0 = Debug|Any CPU
		{716A7CC1-37A7-432C-AD61-499983B3E118}.Release|Any CPU.ActiveCfg = Release|Any CPU
		{716A7CC1-37A7-432C-AD61-499983B3E118}.Release|Any CPU.Build.0 = Release|Any CPU
		{6B2092FC-0488-4429-B69D-9580D04F667C}.Debug|Any CPU.ActiveCfg = Debug|Any CPU
		{6B2092FC-0488-4429-B69D-9580D04F667C}.Debug|Any CPU.Build.0 = Debug|Any CPU
		{6B2092FC-0488-4429-B69D-9580D04F667C}.Release|Any CPU.ActiveCfg = Release|Any CPU
		{6B2092FC-0488-4429-B69D-9580D04F667C}.Release|Any CPU.Build.0 = Release|Any CPU
	EndGlobalSection
	GlobalSection(SolutionProperties) = preSolution
		HideSolutionNode = FALSE
	EndGlobalSection
EndGlobal
