
Microsoft Visual Studio Solution File, Format Version 12.00
# Visual Studio 2013
VisualStudioVersion = 12.0.31101.0
MinimumVisualStudioVersion = 10.0.40219.1
Project("{FAE04EC0-301F-11D3-BF4B-00C04F79EFBC}") = "E01_StringsInCSharp", "E01_StringsInCSharp\E01_StringsInCSharp.csproj", "{058C0A89-F085-44EC-8398-201CF1CBC0EA}"
EndProject
Project("{FAE04EC0-301F-11D3-BF4B-00C04F79EFBC}") = "E02_ReverseString", "E02_ReverseString\E02_ReverseString.csproj", "{C36A3B74-9AD5-4A90-BEB1-A968E66C560A}"
EndProject
Project("{FAE04EC0-301F-11D3-BF4B-00C04F79EFBC}") = "E03_CorrectBrackets", "E03_CorrectBrackets\E03_CorrectBrackets.csproj", "{255B12C6-56FB-460B-AAB9-DF2D38163829}"
EndProject
Project("{FAE04EC0-301F-11D3-BF4B-00C04F79EFBC}") = "E04_SubStringInText", "E04_SubStringInText\E04_SubStringInText.csproj", "{DA532EDA-CB0E-48F4-B88E-DF186B63BF55}"
EndProject
Project("{FAE04EC0-301F-11D3-BF4B-00C04F79EFBC}") = "E05_ParseTags", "E05_ParseTags\E05_ParseTags.csproj", "{ED3C0165-50D6-4836-9689-DB1D3FCC4E55}"
EndProject
Project("{FAE04EC0-301F-11D3-BF4B-00C04F79EFBC}") = "E06_StringLength", "E06_StringLength\E06_StringLength.csproj", "{F257683D-2D96-4DDF-BC78-5EE091C2EE3E}"
EndProject
Project("{FAE04EC0-301F-11D3-BF4B-00C04F79EFBC}") = "E07_EncodeDecode", "E07_EncodeDecode\E07_EncodeDecode.csproj", "{38C3FC47-C681-4B67-B06C-6426C2DCC340}"
EndProject
Project("{FAE04EC0-301F-11D3-BF4B-00C04F79EFBC}") = "E08_ExtractSentences", "E08_ExtractSentences\E08_ExtractSentences.csproj", "{1ECD78F6-2AF6-4622-A134-A677D3B8A696}"
EndProject
Project("{FAE04EC0-301F-11D3-BF4B-00C04F79EFBC}") = "E09_ForbiddenWords", "E09_ForbiddenWords\E09_ForbiddenWords.csproj", "{BF10C601-83CE-45D2-84B7-181FBB3F5E9C}"
EndProject
Project("{FAE04EC0-301F-11D3-BF4B-00C04F79EFBC}") = "E10_UnicodeCharacters", "E10_UnicodeCharacters\E10_UnicodeCharacters.csproj", "{4F32EF7F-E05D-475B-AC0A-381D43464CBE}"
EndProject
Project("{FAE04EC0-301F-11D3-BF4B-00C04F79EFBC}") = "E11_FormatNumber", "E11_FormatNumber\E11_FormatNumber.csproj", "{66FF6BF1-7600-40BB-BC8F-3F7CB8971AE2}"
EndProject
Project("{FAE04EC0-301F-11D3-BF4B-00C04F79EFBC}") = "E12_ParseURL", "E12_ParseURL\E12_ParseURL.csproj", "{852063F8-2C7D-48FC-8054-0AC805399F64}"
EndProject
Project("{FAE04EC0-301F-11D3-BF4B-00C04F79EFBC}") = "E13_ReverseSentence", "E13_ReverseSentence\E13_ReverseSentence.csproj", "{00E23FD2-1ED3-44B0-BB6B-F39BC9AF75BE}"
EndProject
Project("{FAE04EC0-301F-11D3-BF4B-00C04F79EFBC}") = "E14_WordDictionary", "E14_WordDictionary\E14_WordDictionary.csproj", "{00EA4627-8931-431F-9EB1-2C1C399DB4BB}"
EndProject
Project("{FAE04EC0-301F-11D3-BF4B-00C04F79EFBC}") = "E15_ReplaceTags", "E15_ReplaceTags\E15_ReplaceTags.csproj", "{84AB2745-561D-4247-B92F-74A6DFF67E24}"
EndProject
Project("{FAE04EC0-301F-11D3-BF4B-00C04F79EFBC}") = "E16_DateDifference", "E16_DateDifference\E16_DateDifference.csproj", "{306BD3D3-E51F-4CCD-B810-811A1761506A}"
EndProject
Project("{FAE04EC0-301F-11D3-BF4B-00C04F79EFBC}") = "E17_DateInBulgarian", "E17_DateInBulgarian\E17_DateInBulgarian.csproj", "{5DB6DFD5-CD52-4238-9878-9355BE782C65}"
EndProject
Project("{FAE04EC0-301F-11D3-BF4B-00C04F79EFBC}") = "E18_ExtractEMails", "E18_ExtractEMails\E18_ExtractEMails.csproj", "{B2756E4F-0B2D-4557-8494-DB40F4A489C6}"
EndProject
Project("{FAE04EC0-301F-11D3-BF4B-00C04F79EFBC}") = "E19_DatesFromTextInCanada", "E19_DatesFromTextInCanada\E19_DatesFromTextInCanada.csproj", "{0E120373-6E17-4A91-B2E7-78B695339303}"
EndProject
Project("{FAE04EC0-301F-11D3-BF4B-00C04F79EFBC}") = "E20_Palindromes", "E20_Palindromes\E20_Palindromes.csproj", "{AAC24C2C-A224-4B3C-848E-5ED994F79B79}"
EndProject
Project("{FAE04EC0-301F-11D3-BF4B-00C04F79EFBC}") = "E21_LettersCount", "E21_LettersCount\E21_LettersCount.csproj", "{C6279610-11CE-409E-8B8C-DB849E5B5695}"
EndProject
Project("{FAE04EC0-301F-11D3-BF4B-00C04F79EFBC}") = "E22_WordsCount", "E22_WordsCount\E22_WordsCount.csproj", "{45AEA5B6-361A-4E59-9472-158B28EEB82E}"
EndProject
Project("{FAE04EC0-301F-11D3-BF4B-00C04F79EFBC}") = "E23_SeriesOfLetters", "E23_SeriesOfLetters\E23_SeriesOfLetters.csproj", "{0B773B1D-F594-412D-B095-DFD8AE49F041}"
EndProject
Project("{FAE04EC0-301F-11D3-BF4B-00C04F79EFBC}") = "E24_OrderWords", "E24_OrderWords\E24_OrderWords.csproj", "{0686FBA1-6145-46E8-8FEF-F408016E9ADF}"
EndProject
Project("{FAE04EC0-301F-11D3-BF4B-00C04F79EFBC}") = "E25_ExtractTextFromHTML", "E25_ExtractTextFromHTML\E25_ExtractTextFromHTML.csproj", "{8B3380F5-EE38-4CFF-A729-C7A7777F2664}"
EndProject
Global
	GlobalSection(SolutionConfigurationPlatforms) = preSolution
		Debug|Any CPU = Debug|Any CPU
		Release|Any CPU = Release|Any CPU
	EndGlobalSection
	GlobalSection(ProjectConfigurationPlatforms) = postSolution
		{058C0A89-F085-44EC-8398-201CF1CBC0EA}.Debug|Any CPU.ActiveCfg = Debug|Any CPU
		{058C0A89-F085-44EC-8398-201CF1CBC0EA}.Debug|Any CPU.Build.0 = Debug|Any CPU
		{058C0A89-F085-44EC-8398-201CF1CBC0EA}.Release|Any CPU.ActiveCfg = Release|Any CPU
		{058C0A89-F085-44EC-8398-201CF1CBC0EA}.Release|Any CPU.Build.0 = Release|Any CPU
		{C36A3B74-9AD5-4A90-BEB1-A968E66C560A}.Debug|Any CPU.ActiveCfg = Debug|Any CPU
		{C36A3B74-9AD5-4A90-BEB1-A968E66C560A}.Debug|Any CPU.Build.0 = Debug|Any CPU
		{C36A3B74-9AD5-4A90-BEB1-A968E66C560A}.Release|Any CPU.ActiveCfg = Release|Any CPU
		{C36A3B74-9AD5-4A90-BEB1-A968E66C560A}.Release|Any CPU.Build.0 = Release|Any CPU
		{255B12C6-56FB-460B-AAB9-DF2D38163829}.Debug|Any CPU.ActiveCfg = Debug|Any CPU
		{255B12C6-56FB-460B-AAB9-DF2D38163829}.Debug|Any CPU.Build.0 = Debug|Any CPU
		{255B12C6-56FB-460B-AAB9-DF2D38163829}.Release|Any CPU.ActiveCfg = Release|Any CPU
		{255B12C6-56FB-460B-AAB9-DF2D38163829}.Release|Any CPU.Build.0 = Release|Any CPU
		{DA532EDA-CB0E-48F4-B88E-DF186B63BF55}.Debug|Any CPU.ActiveCfg = Debug|Any CPU
		{DA532EDA-CB0E-48F4-B88E-DF186B63BF55}.Debug|Any CPU.Build.0 = Debug|Any CPU
		{DA532EDA-CB0E-48F4-B88E-DF186B63BF55}.Release|Any CPU.ActiveCfg = Release|Any CPU
		{DA532EDA-CB0E-48F4-B88E-DF186B63BF55}.Release|Any CPU.Build.0 = Release|Any CPU
		{ED3C0165-50D6-4836-9689-DB1D3FCC4E55}.Debug|Any CPU.ActiveCfg = Debug|Any CPU
		{ED3C0165-50D6-4836-9689-DB1D3FCC4E55}.Debug|Any CPU.Build.0 = Debug|Any CPU
		{ED3C0165-50D6-4836-9689-DB1D3FCC4E55}.Release|Any CPU.ActiveCfg = Release|Any CPU
		{ED3C0165-50D6-4836-9689-DB1D3FCC4E55}.Release|Any CPU.Build.0 = Release|Any CPU
		{F257683D-2D96-4DDF-BC78-5EE091C2EE3E}.Debug|Any CPU.ActiveCfg = Debug|Any CPU
		{F257683D-2D96-4DDF-BC78-5EE091C2EE3E}.Debug|Any CPU.Build.0 = Debug|Any CPU
		{F257683D-2D96-4DDF-BC78-5EE091C2EE3E}.Release|Any CPU.ActiveCfg = Release|Any CPU
		{F257683D-2D96-4DDF-BC78-5EE091C2EE3E}.Release|Any CPU.Build.0 = Release|Any CPU
		{38C3FC47-C681-4B67-B06C-6426C2DCC340}.Debug|Any CPU.ActiveCfg = Debug|Any CPU
		{38C3FC47-C681-4B67-B06C-6426C2DCC340}.Debug|Any CPU.Build.0 = Debug|Any CPU
		{38C3FC47-C681-4B67-B06C-6426C2DCC340}.Release|Any CPU.ActiveCfg = Release|Any CPU
		{38C3FC47-C681-4B67-B06C-6426C2DCC340}.Release|Any CPU.Build.0 = Release|Any CPU
		{1ECD78F6-2AF6-4622-A134-A677D3B8A696}.Debug|Any CPU.ActiveCfg = Debug|Any CPU
		{1ECD78F6-2AF6-4622-A134-A677D3B8A696}.Debug|Any CPU.Build.0 = Debug|Any CPU
		{1ECD78F6-2AF6-4622-A134-A677D3B8A696}.Release|Any CPU.ActiveCfg = Release|Any CPU
		{1ECD78F6-2AF6-4622-A134-A677D3B8A696}.Release|Any CPU.Build.0 = Release|Any CPU
		{BF10C601-83CE-45D2-84B7-181FBB3F5E9C}.Debug|Any CPU.ActiveCfg = Debug|Any CPU
		{BF10C601-83CE-45D2-84B7-181FBB3F5E9C}.Debug|Any CPU.Build.0 = Debug|Any CPU
		{BF10C601-83CE-45D2-84B7-181FBB3F5E9C}.Release|Any CPU.ActiveCfg = Release|Any CPU
		{BF10C601-83CE-45D2-84B7-181FBB3F5E9C}.Release|Any CPU.Build.0 = Release|Any CPU
		{4F32EF7F-E05D-475B-AC0A-381D43464CBE}.Debug|Any CPU.ActiveCfg = Debug|Any CPU
		{4F32EF7F-E05D-475B-AC0A-381D43464CBE}.Debug|Any CPU.Build.0 = Debug|Any CPU
		{4F32EF7F-E05D-475B-AC0A-381D43464CBE}.Release|Any CPU.ActiveCfg = Release|Any CPU
		{4F32EF7F-E05D-475B-AC0A-381D43464CBE}.Release|Any CPU.Build.0 = Release|Any CPU
		{66FF6BF1-7600-40BB-BC8F-3F7CB8971AE2}.Debug|Any CPU.ActiveCfg = Debug|Any CPU
		{66FF6BF1-7600-40BB-BC8F-3F7CB8971AE2}.Debug|Any CPU.Build.0 = Debug|Any CPU
		{66FF6BF1-7600-40BB-BC8F-3F7CB8971AE2}.Release|Any CPU.ActiveCfg = Release|Any CPU
		{66FF6BF1-7600-40BB-BC8F-3F7CB8971AE2}.Release|Any CPU.Build.0 = Release|Any CPU
		{852063F8-2C7D-48FC-8054-0AC805399F64}.Debug|Any CPU.ActiveCfg = Debug|Any CPU
		{852063F8-2C7D-48FC-8054-0AC805399F64}.Debug|Any CPU.Build.0 = Debug|Any CPU
		{852063F8-2C7D-48FC-8054-0AC805399F64}.Release|Any CPU.ActiveCfg = Release|Any CPU
		{852063F8-2C7D-48FC-8054-0AC805399F64}.Release|Any CPU.Build.0 = Release|Any CPU
		{00E23FD2-1ED3-44B0-BB6B-F39BC9AF75BE}.Debug|Any CPU.ActiveCfg = Debug|Any CPU
		{00E23FD2-1ED3-44B0-BB6B-F39BC9AF75BE}.Debug|Any CPU.Build.0 = Debug|Any CPU
		{00E23FD2-1ED3-44B0-BB6B-F39BC9AF75BE}.Release|Any CPU.ActiveCfg = Release|Any CPU
		{00E23FD2-1ED3-44B0-BB6B-F39BC9AF75BE}.Release|Any CPU.Build.0 = Release|Any CPU
		{00EA4627-8931-431F-9EB1-2C1C399DB4BB}.Debug|Any CPU.ActiveCfg = Debug|Any CPU
		{00EA4627-8931-431F-9EB1-2C1C399DB4BB}.Debug|Any CPU.Build.0 = Debug|Any CPU
		{00EA4627-8931-431F-9EB1-2C1C399DB4BB}.Release|Any CPU.ActiveCfg = Release|Any CPU
		{00EA4627-8931-431F-9EB1-2C1C399DB4BB}.Release|Any CPU.Build.0 = Release|Any CPU
		{84AB2745-561D-4247-B92F-74A6DFF67E24}.Debug|Any CPU.ActiveCfg = Debug|Any CPU
		{84AB2745-561D-4247-B92F-74A6DFF67E24}.Debug|Any CPU.Build.0 = Debug|Any CPU
		{84AB2745-561D-4247-B92F-74A6DFF67E24}.Release|Any CPU.ActiveCfg = Release|Any CPU
		{84AB2745-561D-4247-B92F-74A6DFF67E24}.Release|Any CPU.Build.0 = Release|Any CPU
		{306BD3D3-E51F-4CCD-B810-811A1761506A}.Debug|Any CPU.ActiveCfg = Debug|Any CPU
		{306BD3D3-E51F-4CCD-B810-811A1761506A}.Debug|Any CPU.Build.0 = Debug|Any CPU
		{306BD3D3-E51F-4CCD-B810-811A1761506A}.Release|Any CPU.ActiveCfg = Release|Any CPU
		{306BD3D3-E51F-4CCD-B810-811A1761506A}.Release|Any CPU.Build.0 = Release|Any CPU
		{5DB6DFD5-CD52-4238-9878-9355BE782C65}.Debug|Any CPU.ActiveCfg = Debug|Any CPU
		{5DB6DFD5-CD52-4238-9878-9355BE782C65}.Debug|Any CPU.Build.0 = Debug|Any CPU
		{5DB6DFD5-CD52-4238-9878-9355BE782C65}.Release|Any CPU.ActiveCfg = Release|Any CPU
		{5DB6DFD5-CD52-4238-9878-9355BE782C65}.Release|Any CPU.Build.0 = Release|Any CPU
		{B2756E4F-0B2D-4557-8494-DB40F4A489C6}.Debug|Any CPU.ActiveCfg = Debug|Any CPU
		{B2756E4F-0B2D-4557-8494-DB40F4A489C6}.Debug|Any CPU.Build.0 = Debug|Any CPU
		{B2756E4F-0B2D-4557-8494-DB40F4A489C6}.Release|Any CPU.ActiveCfg = Release|Any CPU
		{B2756E4F-0B2D-4557-8494-DB40F4A489C6}.Release|Any CPU.Build.0 = Release|Any CPU
		{0E120373-6E17-4A91-B2E7-78B695339303}.Debug|Any CPU.ActiveCfg = Debug|Any CPU
		{0E120373-6E17-4A91-B2E7-78B695339303}.Debug|Any CPU.Build.0 = Debug|Any CPU
		{0E120373-6E17-4A91-B2E7-78B695339303}.Release|Any CPU.ActiveCfg = Release|Any CPU
		{0E120373-6E17-4A91-B2E7-78B695339303}.Release|Any CPU.Build.0 = Release|Any CPU
		{AAC24C2C-A224-4B3C-848E-5ED994F79B79}.Debug|Any CPU.ActiveCfg = Debug|Any CPU
		{AAC24C2C-A224-4B3C-848E-5ED994F79B79}.Debug|Any CPU.Build.0 = Debug|Any CPU
		{AAC24C2C-A224-4B3C-848E-5ED994F79B79}.Release|Any CPU.ActiveCfg = Release|Any CPU
		{AAC24C2C-A224-4B3C-848E-5ED994F79B79}.Release|Any CPU.Build.0 = Release|Any CPU
		{C6279610-11CE-409E-8B8C-DB849E5B5695}.Debug|Any CPU.ActiveCfg = Debug|Any CPU
		{C6279610-11CE-409E-8B8C-DB849E5B5695}.Debug|Any CPU.Build.0 = Debug|Any CPU
		{C6279610-11CE-409E-8B8C-DB849E5B5695}.Release|Any CPU.ActiveCfg = Release|Any CPU
		{C6279610-11CE-409E-8B8C-DB849E5B5695}.Release|Any CPU.Build.0 = Release|Any CPU
		{45AEA5B6-361A-4E59-9472-158B28EEB82E}.Debug|Any CPU.ActiveCfg = Debug|Any CPU
		{45AEA5B6-361A-4E59-9472-158B28EEB82E}.Debug|Any CPU.Build.0 = Debug|Any CPU
		{45AEA5B6-361A-4E59-9472-158B28EEB82E}.Release|Any CPU.ActiveCfg = Release|Any CPU
		{45AEA5B6-361A-4E59-9472-158B28EEB82E}.Release|Any CPU.Build.0 = Release|Any CPU
		{0B773B1D-F594-412D-B095-DFD8AE49F041}.Debug|Any CPU.ActiveCfg = Debug|Any CPU
		{0B773B1D-F594-412D-B095-DFD8AE49F041}.Debug|Any CPU.Build.0 = Debug|Any CPU
		{0B773B1D-F594-412D-B095-DFD8AE49F041}.Release|Any CPU.ActiveCfg = Release|Any CPU
		{0B773B1D-F594-412D-B095-DFD8AE49F041}.Release|Any CPU.Build.0 = Release|Any CPU
		{0686FBA1-6145-46E8-8FEF-F408016E9ADF}.Debug|Any CPU.ActiveCfg = Debug|Any CPU
		{0686FBA1-6145-46E8-8FEF-F408016E9ADF}.Debug|Any CPU.Build.0 = Debug|Any CPU
		{0686FBA1-6145-46E8-8FEF-F408016E9ADF}.Release|Any CPU.ActiveCfg = Release|Any CPU
		{0686FBA1-6145-46E8-8FEF-F408016E9ADF}.Release|Any CPU.Build.0 = Release|Any CPU
		{8B3380F5-EE38-4CFF-A729-C7A7777F2664}.Debug|Any CPU.ActiveCfg = Debug|Any CPU
		{8B3380F5-EE38-4CFF-A729-C7A7777F2664}.Debug|Any CPU.Build.0 = Debug|Any CPU
		{8B3380F5-EE38-4CFF-A729-C7A7777F2664}.Release|Any CPU.ActiveCfg = Release|Any CPU
		{8B3380F5-EE38-4CFF-A729-C7A7777F2664}.Release|Any CPU.Build.0 = Release|Any CPU
	EndGlobalSection
	GlobalSection(SolutionProperties) = preSolution
		HideSolutionNode = FALSE
	EndGlobalSection
EndGlobal
