
Microsoft Visual Studio Solution File, Format Version 12.00
# Visual Studio 14
VisualStudioVersion = 14.0.23107.0
MinimumVisualStudioVersion = 10.0.40219.1
Project("{FAE04EC0-301F-11D3-BF4B-00C04F79EFBC}") = "E01_OrderedPrint", "E01_OrderedPrint\E01_OrderedPrint.csproj", "{6B62277E-0D0E-4E51-92F1-EBED43752569}"
EndProject
Project("{FAE04EC0-301F-11D3-BF4B-00C04F79EFBC}") = "E02_AllArticlesInPriceRange", "E02_AllArticlesInPriceRange\E02_AllArticlesInPriceRange.csproj", "{C6EAF345-051B-4667-9BA6-DA6EA8493C04}"
EndProject
Project("{FAE04EC0-301F-11D3-BF4B-00C04F79EFBC}") = "E03_ImplementBiDictionary", "E03_ImplementBiDictionary\E03_ImplementBiDictionary.csproj", "{140308D8-FD95-495C-AE2D-7FA509211BD9}"
EndProject
Global
	GlobalSection(SolutionConfigurationPlatforms) = preSolution
		Debug|Any CPU = Debug|Any CPU
		Release|Any CPU = Release|Any CPU
	EndGlobalSection
	GlobalSection(ProjectConfigurationPlatforms) = postSolution
		{6B62277E-0D0E-4E51-92F1-EBED43752569}.Debug|Any CPU.ActiveCfg = Debug|Any CPU
		{6B62277E-0D0E-4E51-92F1-EBED43752569}.Debug|Any CPU.Build.0 = Debug|Any CPU
		{6B62277E-0D0E-4E51-92F1-EBED43752569}.Release|Any CPU.ActiveCfg = Release|Any CPU
		{6B62277E-0D0E-4E51-92F1-EBED43752569}.Release|Any CPU.Build.0 = Release|Any CPU
		{C6EAF345-051B-4667-9BA6-DA6EA8493C04}.Debug|Any CPU.ActiveCfg = Debug|Any CPU
		{C6EAF345-051B-4667-9BA6-DA6EA8493C04}.Debug|Any CPU.Build.0 = Debug|Any CPU
		{C6EAF345-051B-4667-9BA6-DA6EA8493C04}.Release|Any CPU.ActiveCfg = Release|Any CPU
		{C6EAF345-051B-4667-9BA6-DA6EA8493C04}.Release|Any CPU.Build.0 = Release|Any CPU
		{140308D8-FD95-495C-AE2D-7FA509211BD9}.Debug|Any CPU.ActiveCfg = Debug|Any CPU
		{140308D8-FD95-495C-AE2D-7FA509211BD9}.Debug|Any CPU.Build.0 = Debug|Any CPU
		{140308D8-FD95-495C-AE2D-7FA509211BD9}.Release|Any CPU.ActiveCfg = Release|Any CPU
		{140308D8-FD95-495C-AE2D-7FA509211BD9}.Release|Any CPU.Build.0 = Release|Any CPU
	EndGlobalSection
	GlobalSection(SolutionProperties) = preSolution
		HideSolutionNode = FALSE
	EndGlobalSection
EndGlobal
