
Microsoft Visual Studio Solution File, Format Version 12.00
# Visual Studio 14
VisualStudioVersion = 14.0.24720.0
MinimumVisualStudioVersion = 10.0.40219.1
Project("{FAE04EC0-301F-11D3-BF4B-00C04F79EFBC}") = "E01_Cars", "E01_Cars\E01_Cars.csproj", "{A3B708DE-0D23-4F68-A7AD-CE4752FFBA9F}"
EndProject
Project("{FAE04EC0-301F-11D3-BF4B-00C04F79EFBC}") = "E02_Employees", "E02_Employees\E02_Employees.csproj", "{BD36F350-F39C-4333-9AC3-C28188037EB3}"
EndProject
Global
	GlobalSection(SolutionConfigurationPlatforms) = preSolution
		Debug|Any CPU = Debug|Any CPU
		Release|Any CPU = Release|Any CPU
	EndGlobalSection
	GlobalSection(ProjectConfigurationPlatforms) = postSolution
		{A3B708DE-0D23-4F68-A7AD-CE4752FFBA9F}.Debug|Any CPU.ActiveCfg = Debug|Any CPU
		{A3B708DE-0D23-4F68-A7AD-CE4752FFBA9F}.Debug|Any CPU.Build.0 = Debug|Any CPU
		{A3B708DE-0D23-4F68-A7AD-CE4752FFBA9F}.Release|Any CPU.ActiveCfg = Release|Any CPU
		{A3B708DE-0D23-4F68-A7AD-CE4752FFBA9F}.Release|Any CPU.Build.0 = Release|Any CPU
		{BD36F350-F39C-4333-9AC3-C28188037EB3}.Debug|Any CPU.ActiveCfg = Debug|Any CPU
		{BD36F350-F39C-4333-9AC3-C28188037EB3}.Debug|Any CPU.Build.0 = Debug|Any CPU
		{BD36F350-F39C-4333-9AC3-C28188037EB3}.Release|Any CPU.ActiveCfg = Release|Any CPU
		{BD36F350-F39C-4333-9AC3-C28188037EB3}.Release|Any CPU.Build.0 = Release|Any CPU
	EndGlobalSection
	GlobalSection(SolutionProperties) = preSolution
		HideSolutionNode = FALSE
	EndGlobalSection
EndGlobal
