
Microsoft Visual Studio Solution File, Format Version 12.00
# Visual Studio 14
VisualStudioVersion = 14.0.23107.0
MinimumVisualStudioVersion = 10.0.40219.1
Project("{FAE04EC0-301F-11D3-BF4B-00C04F79EFBC}") = "E01_XML_Language", "E01_XML_Language\E01_XML_Language.csproj", "{F98B87BC-564C-4B43-881C-5112EF486DE7}"
EndProject
Global
	GlobalSection(SolutionConfigurationPlatforms) = preSolution
		Debug|Any CPU = Debug|Any CPU
		Release|Any CPU = Release|Any CPU
	EndGlobalSection
	GlobalSection(ProjectConfigurationPlatforms) = postSolution
		{F98B87BC-564C-4B43-881C-5112EF486DE7}.Debug|Any CPU.ActiveCfg = Debug|Any CPU
		{F98B87BC-564C-4B43-881C-5112EF486DE7}.Debug|Any CPU.Build.0 = Debug|Any CPU
		{F98B87BC-564C-4B43-881C-5112EF486DE7}.Release|Any CPU.ActiveCfg = Release|Any CPU
		{F98B87BC-564C-4B43-881C-5112EF486DE7}.Release|Any CPU.Build.0 = Release|Any CPU
	EndGlobalSection
	GlobalSection(SolutionProperties) = preSolution
		HideSolutionNode = FALSE
	EndGlobalSection
EndGlobal
